
Microsoft Visual Studio Solution File, Format Version 12.00
# Visual Studio 15
VisualStudioVersion = 15.0.28010.2026
MinimumVisualStudioVersion = 10.0.40219.1
Project("{8BC9CEB8-8B4A-11D0-8D11-00A0C91BC942}") = "6oj2", "6oj2\6oj2.vcxproj", "{180A8D3A-196E-4659-B3C6-0B399A6C4214}"
EndProject
Global
	GlobalSection(SolutionConfigurationPlatforms) = preSolution
		Debug|x64 = Debug|x64
		Debug|x86 = Debug|x86
		Release|x64 = Release|x64
		Release|x86 = Release|x86
	EndGlobalSection
	GlobalSection(ProjectConfigurationPlatforms) = postSolution
		{180A8D3A-196E-4659-B3C6-0B399A6C4214}.Debug|x64.ActiveCfg = Debug|x64
		{180A8D3A-196E-4659-B3C6-0B399A6C4214}.Debug|x64.Build.0 = Debug|x64
		{180A8D3A-196E-4659-B3C6-0B399A6C4214}.Debug|x86.ActiveCfg = Debug|Win32
		{180A8D3A-196E-4659-B3C6-0B399A6C4214}.Debug|x86.Build.0 = Debug|Win32
		{180A8D3A-196E-4659-B3C6-0B399A6C4214}.Release|x64.ActiveCfg = Release|x64
		{180A8D3A-196E-4659-B3C6-0B399A6C4214}.Release|x64.Build.0 = Release|x64
		{180A8D3A-196E-4659-B3C6-0B399A6C4214}.Release|x86.ActiveCfg = Release|Win32
		{180A8D3A-196E-4659-B3C6-0B399A6C4214}.Release|x86.Build.0 = Release|Win32
	EndGlobalSection
	GlobalSection(SolutionProperties) = preSolution
		HideSolutionNode = FALSE
	EndGlobalSection
	GlobalSection(ExtensibilityGlobals) = postSolution
		SolutionGuid = {86DE96EB-551F-456D-9412-4512F06D0968}
	EndGlobalSection
EndGlobal
