
Microsoft Visual Studio Solution File, Format Version 12.00
# Visual Studio 15
VisualStudioVersion = 15.0.28010.2026
MinimumVisualStudioVersion = 10.0.40219.1
Project("{8BC9CEB8-8B4A-11D0-8D11-00A0C91BC942}") = "辗转相除法", "辗转相除法\辗转相除法.vcxproj", "{3D1A70E6-3E6A-43BC-B83B-0311472D1F61}"
EndProject
Global
	GlobalSection(SolutionConfigurationPlatforms) = preSolution
		Debug|x64 = Debug|x64
		Debug|x86 = Debug|x86
		Release|x64 = Release|x64
		Release|x86 = Release|x86
	EndGlobalSection
	GlobalSection(ProjectConfigurationPlatforms) = postSolution
		{3D1A70E6-3E6A-43BC-B83B-0311472D1F61}.Debug|x64.ActiveCfg = Debug|x64
		{3D1A70E6-3E6A-43BC-B83B-0311472D1F61}.Debug|x64.Build.0 = Debug|x64
		{3D1A70E6-3E6A-43BC-B83B-0311472D1F61}.Debug|x86.ActiveCfg = Debug|Win32
		{3D1A70E6-3E6A-43BC-B83B-0311472D1F61}.Debug|x86.Build.0 = Debug|Win32
		{3D1A70E6-3E6A-43BC-B83B-0311472D1F61}.Release|x64.ActiveCfg = Release|x64
		{3D1A70E6-3E6A-43BC-B83B-0311472D1F61}.Release|x64.Build.0 = Release|x64
		{3D1A70E6-3E6A-43BC-B83B-0311472D1F61}.Release|x86.ActiveCfg = Release|Win32
		{3D1A70E6-3E6A-43BC-B83B-0311472D1F61}.Release|x86.Build.0 = Release|Win32
	EndGlobalSection
	GlobalSection(SolutionProperties) = preSolution
		HideSolutionNode = FALSE
	EndGlobalSection
	GlobalSection(ExtensibilityGlobals) = postSolution
		SolutionGuid = {F60AD3EA-EDBC-4590-846A-8B6B5EBDF5FE}
	EndGlobalSection
EndGlobal
